dependencies:
  espressif/esp-nn:
    component_hash: f4633a02f05fef53b80de65ade1f733ebdef637e4c8b8be4eb11f5e27f6d9f3e
    dependencies:
    - name: idf
      require: private
      version: '>=4.2'
    source:
      registry_url: https://components.espressif.com/
      type: service
    version: 1.1.2
  espressif/esp-tflite-micro:
    dependencies:
    - name: idf
      version: '>=4.4'
    - name: espressif/esp-nn
      version: '>=1.1.1'
    source:
      path: /Users/aidanmcgoogan/Documents/UPenn/xLab/TinyML/KWS_lab/kws_newest/esp-tflite-micro
      type: local
    version: '*'
  idf:
    source:
      type: idf
    version: 5.5.0
direct_dependencies:
- espressif/esp-tflite-micro
manifest_hash: b4f2ec1927bc11c20fdde34fbe2af25ecbd208a5e9a65c9a3d52fdfe4d68df79
target: esp32s3
version: 2.0.0
