dependencies:
  espressif/esp-nn:
    component_hash: f4633a02f05fef53b80de65ade1f733ebdef637e4c8b8be4eb11f5e27f6d9f3e
    dependencies:
    - name: idf
      require: private
      version: '>=4.2'
    source:
      registry_url: https://components.espressif.com
      type: service
    version: 1.1.2
  espressif/esp-tflite-micro:
    component_hash: ea1b56915132379ca32812f9229e6540eb677284e90da8a4147104c32d5a62c6
    dependencies:
    - name: espressif/esp-nn
      registry_url: https://components.espressif.com
      require: private
      version: '>=1.1.1'
    - name: idf
      require: private
      version: '>=4.4'
    source:
      registry_url: https://components.espressif.com/
      type: service
    version: 1.3.4
  idf:
    source:
      type: idf
    version: 5.5.0
direct_dependencies:
- espressif/esp-tflite-micro
manifest_hash: 1545b6491fd3d555d4fae095d6dcbfd65f3ecc237724bbaaf47a187198c3774f
target: esp32s3
version: 2.0.0
